<?xml version="1.0" encoding="utf-8"?>
<Project ToolsVersion="4.0" xmlns="http://schemas.microsoft.com/developer/msbuild/2003">
  <ItemGroup>
    <Filter Include="Fern">
      <UniqueIdentifier>{D02E857C-BC65-860D-6552-6C105168020F}</UniqueIdentifier>
    </Filter>
    <Filter Include="Fern\Events">
      <UniqueIdentifier>{B410182A-20C6-901F-A9BA-8AF6156F8723}</UniqueIdentifier>
    </Filter>
    <Filter Include="Platform">
      <UniqueIdentifier>{2AC788B4-1694-E3BF-3FAD-D1672BD9184E}</UniqueIdentifier>
    </Filter>
    <Filter Include="Platform\Windows">
      <UniqueIdentifier>{64FBD71A-50F4-F66C-7926-DCF1657ED678}</UniqueIdentifier>
    </Filter>
  </ItemGroup>
  <ItemGroup>
    <ClInclude Include="src\Fern.h" />
    <ClInclude Include="src\Fern\Application.h">
      <Filter>Fern</Filter>
    </ClInclude>
    <ClInclude Include="src\Fern\Core.h">
      <Filter>Fern</Filter>
    </ClInclude>
    <ClInclude Include="src\Fern\EntryPoint.h">
      <Filter>Fern</Filter>
    </ClInclude>
    <ClInclude Include="src\Fern\Events\ApplicationEvent.h">
      <Filter>Fern\Events</Filter>
    </ClInclude>
    <ClInclude Include="src\Fern\Events\Event.h">
      <Filter>Fern\Events</Filter>
    </ClInclude>
    <ClInclude Include="src\Fern\Events\KeyEvent.h">
      <Filter>Fern\Events</Filter>
    </ClInclude>
    <ClInclude Include="src\Fern\Events\MouseEvent.h">
      <Filter>Fern\Events</Filter>
    </ClInclude>
    <ClInclude Include="src\Fern\Log.h">
      <Filter>Fern</Filter>
    </ClInclude>
    <ClInclude Include="src\Fern\Window.h">
      <Filter>Fern</Filter>
    </ClInclude>
    <ClInclude Include="src\Platform\Windows\WindowsWindow.h">
      <Filter>Platform\Windows</Filter>
    </ClInclude>
    <ClInclude Include="src\fnpch.h" />
  </ItemGroup>
  <ItemGroup>
    <ClCompile Include="src\Fern\Application.cpp">
      <Filter>Fern</Filter>
    </ClCompile>
    <ClCompile Include="src\Fern\Log.cpp">
      <Filter>Fern</Filter>
    </ClCompile>
    <ClCompile Include="src\Platform\Windows\WindowsWindow.cpp">
      <Filter>Platform\Windows</Filter>
    </ClCompile>
    <ClCompile Include="src\fnpch.cpp" />
  </ItemGroup>
</Project>